
Microsoft Visual Studio Solution File, Format Version 12.00
# Visual Studio Version 16
VisualStudioVersion = 16.0.31205.134
MinimumVisualStudioVersion = 10.0.40219.1
Project("{FAE04EC0-301F-11D3-BF4B-00C04F79EFBC}") = "Zadanie1", "Zadanie1\Zadanie1.csproj", "{319033D7-347E-4CD8-9589-2FE85C806213}"
EndProject
Global
	GlobalSection(SolutionConfigurationPlatforms) = preSolution
		Debug|Any CPU = Debug|Any CPU
		Release|Any CPU = Release|Any CPU
	EndGlobalSection
	GlobalSection(ProjectConfigurationPlatforms) = postSolution
		{319033D7-347E-4CD8-9589-2FE85C806213}.Debug|Any CPU.ActiveCfg = Debug|Any CPU
		{319033D7-347E-4CD8-9589-2FE85C806213}.Debug|Any CPU.Build.0 = Debug|Any CPU
		{319033D7-347E-4CD8-9589-2FE85C806213}.Release|Any CPU.ActiveCfg = Release|Any CPU
		{319033D7-347E-4CD8-9589-2FE85C806213}.Release|Any CPU.Build.0 = Release|Any CPU
	EndGlobalSection
	GlobalSection(SolutionProperties) = preSolution
		HideSolutionNode = FALSE
	EndGlobalSection
	GlobalSection(ExtensibilityGlobals) = postSolution
		SolutionGuid = {63CB7C58-491C-4F16-A76F-8BCE983F69F6}
	EndGlobalSection
EndGlobal
